
Microsoft Visual Studio Solution File, Format Version 12.00
# Visual Studio Version 17
VisualStudioVersion = 17.5.33530.505
MinimumVisualStudioVersion = 10.0.40219.1
Project("{FAE04EC0-301F-11D3-BF4B-00C04F79EFBC}") = "Task2", "Task2.csproj", "{0DBF84C9-2253-4721-987B-E3BFDA24CC89}"
EndProject
Global
	GlobalSection(SolutionConfigurationPlatforms) = preSolution
		Debug|Any CPU = Debug|Any CPU
		Release|Any CPU = Release|Any CPU
	EndGlobalSection
	GlobalSection(ProjectConfigurationPlatforms) = postSolution
		{0DBF84C9-2253-4721-987B-E3BFDA24CC89}.Debug|Any CPU.ActiveCfg = Debug|Any CPU
		{0DBF84C9-2253-4721-987B-E3BFDA24CC89}.Debug|Any CPU.Build.0 = Debug|Any CPU
		{0DBF84C9-2253-4721-987B-E3BFDA24CC89}.Release|Any CPU.ActiveCfg = Release|Any CPU
		{0DBF84C9-2253-4721-987B-E3BFDA24CC89}.Release|Any CPU.Build.0 = Release|Any CPU
	EndGlobalSection
	GlobalSection(SolutionProperties) = preSolution
		HideSolutionNode = FALSE
	EndGlobalSection
	GlobalSection(ExtensibilityGlobals) = postSolution
		SolutionGuid = {7B4C509D-09C6-4DDF-898A-0290B507D3E9}
	EndGlobalSection
EndGlobal
