
Microsoft Visual Studio Solution File, Format Version 12.00
# Visual Studio Version 17
VisualStudioVersion = 17.5.33530.505
MinimumVisualStudioVersion = 10.0.40219.1
Project("{FAE04EC0-301F-11D3-BF4B-00C04F79EFBC}") = "Task1", "Task1.csproj", "{FAF86E20-8130-419D-9818-DC84F7ADDE18}"
EndProject
Global
	GlobalSection(SolutionConfigurationPlatforms) = preSolution
		Debug|Any CPU = Debug|Any CPU
		Release|Any CPU = Release|Any CPU
	EndGlobalSection
	GlobalSection(ProjectConfigurationPlatforms) = postSolution
		{FAF86E20-8130-419D-9818-DC84F7ADDE18}.Debug|Any CPU.ActiveCfg = Debug|Any CPU
		{FAF86E20-8130-419D-9818-DC84F7ADDE18}.Debug|Any CPU.Build.0 = Debug|Any CPU
		{FAF86E20-8130-419D-9818-DC84F7ADDE18}.Release|Any CPU.ActiveCfg = Release|Any CPU
		{FAF86E20-8130-419D-9818-DC84F7ADDE18}.Release|Any CPU.Build.0 = Release|Any CPU
	EndGlobalSection
	GlobalSection(SolutionProperties) = preSolution
		HideSolutionNode = FALSE
	EndGlobalSection
	GlobalSection(ExtensibilityGlobals) = postSolution
		SolutionGuid = {E36DC04E-5869-47DE-B768-BA1B27EC280E}
	EndGlobalSection
EndGlobal
